
Microsoft Visual Studio Solution File, Format Version 12.00
# Visual Studio Version 17
VisualStudioVersion = 17.3.32825.248
MinimumVisualStudioVersion = 10.0.40219.1
Project("{FAE04EC0-301F-11D3-BF4B-00C04F79EFBC}") = "FileSystemProject", "FileSystemProject\FileSystemProject.csproj", "{DEF11010-CCD8-4FB0-9872-43A96F79AD55}"
EndProject
Global
	GlobalSection(SolutionConfigurationPlatforms) = preSolution
		Debug|Any CPU = Debug|Any CPU
		Release|Any CPU = Release|Any CPU
	EndGlobalSection
	GlobalSection(ProjectConfigurationPlatforms) = postSolution
		{DEF11010-CCD8-4FB0-9872-43A96F79AD55}.Debug|Any CPU.ActiveCfg = Debug|Any CPU
		{DEF11010-CCD8-4FB0-9872-43A96F79AD55}.Debug|Any CPU.Build.0 = Debug|Any CPU
		{DEF11010-CCD8-4FB0-9872-43A96F79AD55}.Release|Any CPU.ActiveCfg = Release|Any CPU
		{DEF11010-CCD8-4FB0-9872-43A96F79AD55}.Release|Any CPU.Build.0 = Release|Any CPU
	EndGlobalSection
	GlobalSection(SolutionProperties) = preSolution
		HideSolutionNode = FALSE
	EndGlobalSection
	GlobalSection(ExtensibilityGlobals) = postSolution
		SolutionGuid = {B4AEB6DB-5AC7-4C78-83FD-CDD707BA4988}
	EndGlobalSection
EndGlobal
